
Microsoft Visual Studio Solution File, Format Version 12.00
# Visual Studio 15
Project("{FAE04EC0-301F-11D3-BF4B-00C04F79EFBC}") = "VendingMachine", "VendingMachine\VendingMachine.csproj", "{C7D4A2B4-F36A-4203-AA9A-FF31E51DB035}"
EndProject
Global
	GlobalSection(SolutionConfigurationPlatforms) = preSolution
		Debug|Any CPU = Debug|Any CPU
		Release|Any CPU = Release|Any CPU
	EndGlobalSection
	GlobalSection(ProjectConfigurationPlatforms) = postSolution
		{C7D4A2B4-F36A-4203-AA9A-FF31E51DB035}.Debug|Any CPU.ActiveCfg = Debug|Any CPU
		{C7D4A2B4-F36A-4203-AA9A-FF31E51DB035}.Debug|Any CPU.Build.0 = Debug|Any CPU
		{C7D4A2B4-F36A-4203-AA9A-FF31E51DB035}.Release|Any CPU.ActiveCfg = Release|Any CPU
		{C7D4A2B4-F36A-4203-AA9A-FF31E51DB035}.Release|Any CPU.Build.0 = Release|Any CPU
	EndGlobalSection
EndGlobal
